// !$*UTF8*$!
{
	archiveVersion = 1;
	classes = {
	};
	objectVersion = 51;
	objects = {

/* Begin PBXBuildFile section */
		656CF304331965E12D662CD2 /* Pods_testCoreML_testCoreMLUITests.framework in Frameworks */ = {isa = PBXBuildFile; fileRef = 6C61E2D892E0F6063AF2A873 /* Pods_testCoreML_testCoreMLUITests.framework */; };
		6D6572814D6E48DB0F35CE37 /* Pods_testCoreMLTests.framework in Frameworks */ = {isa = PBXBuildFile; fileRef = 6E46234A6A293AA0A55E3CA1 /* Pods_testCoreMLTests.framework */; };
		8A6A001425737208009923B3 /* LaunchScreen.storyboard in Resources */ = {isa = PBXBuildFile; fileRef = 8A6A001225737208009923B3 /* LaunchScreen.storyboard */; };
		8A6AFF9925733AA8009923B3 /* AppDelegate.swift in Sources */ = {isa = PBXBuildFile; fileRef = 8A6AFF9825733AA8009923B3 /* AppDelegate.swift */; };
		8A6AFF9B25733AA8009923B3 /* SceneDelegate.swift in Sources */ = {isa = PBXBuildFile; fileRef = 8A6AFF9A25733AA8009923B3 /* SceneDelegate.swift */; };
		8A6AFFB025733AA9009923B3 /* testCoreMLTests.swift in Sources */ = {isa = PBXBuildFile; fileRef = 8A6AFFAF25733AA9009923B3 /* testCoreMLTests.swift */; };
		8A6AFFBB25733AAA009923B3 /* testCoreMLUITests.swift in Sources */ = {isa = PBXBuildFile; fileRef = 8A6AFFBA25733AAA009923B3 /* testCoreMLUITests.swift */; };
		8A6AFFCC25733F5F009923B3 /* PoseNetMobileNet075S16FP16.mlmodel in Sources */ = {isa = PBXBuildFile; fileRef = 8A6AFFCB25733F5F009923B3 /* PoseNetMobileNet075S16FP16.mlmodel */; };
		8A6AFFD325736CA6009923B3 /* PoseNetInput.swift in Sources */ = {isa = PBXBuildFile; fileRef = 8A6AFFD025736CA6009923B3 /* PoseNetInput.swift */; };
		8A6AFFD425736CA6009923B3 /* PoseNetOutput.swift in Sources */ = {isa = PBXBuildFile; fileRef = 8A6AFFD125736CA6009923B3 /* PoseNetOutput.swift */; };
		8A6AFFD525736CA6009923B3 /* PoseNet.swift in Sources */ = {isa = PBXBuildFile; fileRef = 8A6AFFD225736CA6009923B3 /* PoseNet.swift */; };
		8A6AFFDC25736E93009923B3 /* CGPoint+Extension.swift in Sources */ = {isa = PBXBuildFile; fileRef = 8A6AFFDA25736E93009923B3 /* CGPoint+Extension.swift */; };
		8A6AFFDD25736E93009923B3 /* CGImage+Extension.swift in Sources */ = {isa = PBXBuildFile; fileRef = 8A6AFFDB25736E93009923B3 /* CGImage+Extension.swift */; };
		8A6AFFF125736E9D009923B3 /* Joint.swift in Sources */ = {isa = PBXBuildFile; fileRef = 8A6AFFE225736E9D009923B3 /* Joint.swift */; };
		8A6AFFF225736E9D009923B3 /* PoseBuilder+Multiple.swift in Sources */ = {isa = PBXBuildFile; fileRef = 8A6AFFE325736E9D009923B3 /* PoseBuilder+Multiple.swift */; };
		8A6AFFF325736E9D009923B3 /* PoseBuilder+Single.swift in Sources */ = {isa = PBXBuildFile; fileRef = 8A6AFFE425736E9D009923B3 /* PoseBuilder+Single.swift */; };
		8A6AFFF425736E9D009923B3 /* Pose.swift in Sources */ = {isa = PBXBuildFile; fileRef = 8A6AFFE525736E9D009923B3 /* Pose.swift */; };
		8A6AFFF525736E9D009923B3 /* PoseBuilder.swift in Sources */ = {isa = PBXBuildFile; fileRef = 8A6AFFE625736E9D009923B3 /* PoseBuilder.swift */; };
		8A6AFFF625736E9D009923B3 /* PoseBuilderConfiguration.swift in Sources */ = {isa = PBXBuildFile; fileRef = 8A6AFFE725736E9D009923B3 /* PoseBuilderConfiguration.swift */; };
		8A6AFFF725736E9D009923B3 /* ViewController.swift in Sources */ = {isa = PBXBuildFile; fileRef = 8A6AFFE925736E9D009923B3 /* ViewController.swift */; };
		8A6AFFF825736E9D009923B3 /* PoseImageView.swift in Sources */ = {isa = PBXBuildFile; fileRef = 8A6AFFEA25736E9D009923B3 /* PoseImageView.swift */; };
		8A6AFFFA25736E9D009923B3 /* PopOverModalViewController.swift in Sources */ = {isa = PBXBuildFile; fileRef = 8A6AFFEC25736E9D009923B3 /* PopOverModalViewController.swift */; };
		8A6AFFFB25736E9D009923B3 /* GradientOverlayView.swift in Sources */ = {isa = PBXBuildFile; fileRef = 8A6AFFED25736E9D009923B3 /* GradientOverlayView.swift */; };
		8A6AFFFC25736E9D009923B3 /* AVCaptureVideoOrientation+Extension.swift in Sources */ = {isa = PBXBuildFile; fileRef = 8A6AFFEF25736E9D009923B3 /* AVCaptureVideoOrientation+Extension.swift */; };
		8A6AFFFD25736E9D009923B3 /* VideoCapture.swift in Sources */ = {isa = PBXBuildFile; fileRef = 8A6AFFF025736E9D009923B3 /* VideoCapture.swift */; };
		8A96639C2626586900C9E753 /* MainTabRouter.swift in Sources */ = {isa = PBXBuildFile; fileRef = 8A96639B2626586900C9E753 /* MainTabRouter.swift */; };
		8A9663A42626592900C9E753 /* MainTabViewController.swift in Sources */ = {isa = PBXBuildFile; fileRef = 8A9663A32626592900C9E753 /* MainTabViewController.swift */; };
		8A9663A926265C7100C9E753 /* ValificationRouter.swift in Sources */ = {isa = PBXBuildFile; fileRef = 8A9663A826265C7100C9E753 /* ValificationRouter.swift */; };
		8A9663AE26265C7E00C9E753 /* ValificationViewController.swift in Sources */ = {isa = PBXBuildFile; fileRef = 8A9663AD26265C7E00C9E753 /* ValificationViewController.swift */; };
		8AB25DBA25D8FB2700994202 /* GraphView.swift in Sources */ = {isa = PBXBuildFile; fileRef = 8AB25DB925D8FB2700994202 /* GraphView.swift */; };
		A3F70B31534AC4F783DCA36B /* Pods_testCoreML.framework in Frameworks */ = {isa = PBXBuildFile; fileRef = 25A0034AF4EE5B37DBC00A3D /* Pods_testCoreML.framework */; };
/* End PBXBuildFile section */

/* Begin PBXContainerItemProxy section */
		8A6AFFAC25733AA9009923B3 /* PBXContainerItemProxy */ = {
			isa = PBXContainerItemProxy;
			containerPortal = 8A6AFF8D25733AA8009923B3 /* Project object */;
			proxyType = 1;
			remoteGlobalIDString = 8A6AFF9425733AA8009923B3;
			remoteInfo = testCoreML;
		};
		8A6AFFB725733AAA009923B3 /* PBXContainerItemProxy */ = {
			isa = PBXContainerItemProxy;
			containerPortal = 8A6AFF8D25733AA8009923B3 /* Project object */;
			proxyType = 1;
			remoteGlobalIDString = 8A6AFF9425733AA8009923B3;
			remoteInfo = testCoreML;
		};
/* End PBXContainerItemProxy section */

/* Begin PBXFileReference section */
		142380A0AE8C83AEE6EFB1A6 /* Pods-testCoreMLTests.release.xcconfig */ = {isa = PBXFileReference; includeInIndex = 1; lastKnownFileType = text.xcconfig; name = "Pods-testCoreMLTests.release.xcconfig"; path = "Target Support Files/Pods-testCoreMLTests/Pods-testCoreMLTests.release.xcconfig"; sourceTree = "<group>"; };
		25A0034AF4EE5B37DBC00A3D /* Pods_testCoreML.framework */ = {isa = PBXFileReference; explicitFileType = wrapper.framework; includeInIndex = 0; path = Pods_testCoreML.framework; sourceTree = BUILT_PRODUCTS_DIR; };
		2E3D0ED67327F238394F1156 /* Pods-testCoreML.debug.xcconfig */ = {isa = PBXFileReference; includeInIndex = 1; lastKnownFileType = text.xcconfig; name = "Pods-testCoreML.debug.xcconfig"; path = "Target Support Files/Pods-testCoreML/Pods-testCoreML.debug.xcconfig"; sourceTree = "<group>"; };
		6C61E2D892E0F6063AF2A873 /* Pods_testCoreML_testCoreMLUITests.framework */ = {isa = PBXFileReference; explicitFileType = wrapper.framework; includeInIndex = 0; path = Pods_testCoreML_testCoreMLUITests.framework; sourceTree = BUILT_PRODUCTS_DIR; };
		6E46234A6A293AA0A55E3CA1 /* Pods_testCoreMLTests.framework */ = {isa = PBXFileReference; explicitFileType = wrapper.framework; includeInIndex = 0; path = Pods_testCoreMLTests.framework; sourceTree = BUILT_PRODUCTS_DIR; };
		8A6A001225737208009923B3 /* LaunchScreen.storyboard */ = {isa = PBXFileReference; fileEncoding = 4; lastKnownFileType = file.storyboard; path = LaunchScreen.storyboard; sourceTree = "<group>"; };
		8A6AFF9525733AA8009923B3 /* testCoreML.app */ = {isa = PBXFileReference; explicitFileType = wrapper.application; includeInIndex = 0; path = testCoreML.app; sourceTree = BUILT_PRODUCTS_DIR; };
		8A6AFF9825733AA8009923B3 /* AppDelegate.swift */ = {isa = PBXFileReference; lastKnownFileType = sourcecode.swift; path = AppDelegate.swift; sourceTree = "<group>"; };
		8A6AFF9A25733AA8009923B3 /* SceneDelegate.swift */ = {isa = PBXFileReference; lastKnownFileType = sourcecode.swift; path = SceneDelegate.swift; sourceTree = "<group>"; };
		8A6AFFA625733AA9009923B3 /* Info.plist */ = {isa = PBXFileReference; lastKnownFileType = text.plist.xml; path = Info.plist; sourceTree = "<group>"; };
		8A6AFFAB25733AA9009923B3 /* testCoreMLTests.xctest */ = {isa = PBXFileReference; explicitFileType = wrapper.cfbundle; includeInIndex = 0; path = testCoreMLTests.xctest; sourceTree = BUILT_PRODUCTS_DIR; };
		8A6AFFAF25733AA9009923B3 /* testCoreMLTests.swift */ = {isa = PBXFileReference; lastKnownFileType = sourcecode.swift; path = testCoreMLTests.swift; sourceTree = "<group>"; };
		8A6AFFB125733AA9009923B3 /* Info.plist */ = {isa = PBXFileReference; lastKnownFileType = text.plist.xml; path = Info.plist; sourceTree = "<group>"; };
		8A6AFFB625733AAA009923B3 /* testCoreMLUITests.xctest */ = {isa = PBXFileReference; explicitFileType = wrapper.cfbundle; includeInIndex = 0; path = testCoreMLUITests.xctest; sourceTree = BUILT_PRODUCTS_DIR; };
		8A6AFFBA25733AAA009923B3 /* testCoreMLUITests.swift */ = {isa = PBXFileReference; lastKnownFileType = sourcecode.swift; path = testCoreMLUITests.swift; sourceTree = "<group>"; };
		8A6AFFBC25733AAA009923B3 /* Info.plist */ = {isa = PBXFileReference; lastKnownFileType = text.plist.xml; path = Info.plist; sourceTree = "<group>"; };
		8A6AFFCB25733F5F009923B3 /* PoseNetMobileNet075S16FP16.mlmodel */ = {isa = PBXFileReference; lastKnownFileType = file.mlmodel; path = PoseNetMobileNet075S16FP16.mlmodel; sourceTree = "<group>"; };
		8A6AFFD025736CA6009923B3 /* PoseNetInput.swift */ = {isa = PBXFileReference; fileEncoding = 4; lastKnownFileType = sourcecode.swift; path = PoseNetInput.swift; sourceTree = "<group>"; };
		8A6AFFD125736CA6009923B3 /* PoseNetOutput.swift */ = {isa = PBXFileReference; fileEncoding = 4; lastKnownFileType = sourcecode.swift; path = PoseNetOutput.swift; sourceTree = "<group>"; };
		8A6AFFD225736CA6009923B3 /* PoseNet.swift */ = {isa = PBXFileReference; fileEncoding = 4; lastKnownFileType = sourcecode.swift; path = PoseNet.swift; sourceTree = "<group>"; };
		8A6AFFDA25736E93009923B3 /* CGPoint+Extension.swift */ = {isa = PBXFileReference; fileEncoding = 4; lastKnownFileType = sourcecode.swift; path = "CGPoint+Extension.swift"; sourceTree = "<group>"; };
		8A6AFFDB25736E93009923B3 /* CGImage+Extension.swift */ = {isa = PBXFileReference; fileEncoding = 4; lastKnownFileType = sourcecode.swift; path = "CGImage+Extension.swift"; sourceTree = "<group>"; };
		8A6AFFE225736E9D009923B3 /* Joint.swift */ = {isa = PBXFileReference; fileEncoding = 4; lastKnownFileType = sourcecode.swift; path = Joint.swift; sourceTree = "<group>"; };
		8A6AFFE325736E9D009923B3 /* PoseBuilder+Multiple.swift */ = {isa = PBXFileReference; fileEncoding = 4; lastKnownFileType = sourcecode.swift; path = "PoseBuilder+Multiple.swift"; sourceTree = "<group>"; };
		8A6AFFE425736E9D009923B3 /* PoseBuilder+Single.swift */ = {isa = PBXFileReference; fileEncoding = 4; lastKnownFileType = sourcecode.swift; path = "PoseBuilder+Single.swift"; sourceTree = "<group>"; };
		8A6AFFE525736E9D009923B3 /* Pose.swift */ = {isa = PBXFileReference; fileEncoding = 4; lastKnownFileType = sourcecode.swift; path = Pose.swift; sourceTree = "<group>"; };
		8A6AFFE625736E9D009923B3 /* PoseBuilder.swift */ = {isa = PBXFileReference; fileEncoding = 4; lastKnownFileType = sourcecode.swift; path = PoseBuilder.swift; sourceTree = "<group>"; };
		8A6AFFE725736E9D009923B3 /* PoseBuilderConfiguration.swift */ = {isa = PBXFileReference; fileEncoding = 4; lastKnownFileType = sourcecode.swift; path = PoseBuilderConfiguration.swift; sourceTree = "<group>"; };
		8A6AFFE925736E9D009923B3 /* ViewController.swift */ = {isa = PBXFileReference; fileEncoding = 4; lastKnownFileType = sourcecode.swift; path = ViewController.swift; sourceTree = "<group>"; };
		8A6AFFEA25736E9D009923B3 /* PoseImageView.swift */ = {isa = PBXFileReference; fileEncoding = 4; lastKnownFileType = sourcecode.swift; path = PoseImageView.swift; sourceTree = "<group>"; };
		8A6AFFEC25736E9D009923B3 /* PopOverModalViewController.swift */ = {isa = PBXFileReference; fileEncoding = 4; lastKnownFileType = sourcecode.swift; path = PopOverModalViewController.swift; sourceTree = "<group>"; };
		8A6AFFED25736E9D009923B3 /* GradientOverlayView.swift */ = {isa = PBXFileReference; fileEncoding = 4; lastKnownFileType = sourcecode.swift; path = GradientOverlayView.swift; sourceTree = "<group>"; };
		8A6AFFEF25736E9D009923B3 /* AVCaptureVideoOrientation+Extension.swift */ = {isa = PBXFileReference; fileEncoding = 4; lastKnownFileType = sourcecode.swift; path = "AVCaptureVideoOrientation+Extension.swift"; sourceTree = "<group>"; };
		8A6AFFF025736E9D009923B3 /* VideoCapture.swift */ = {isa = PBXFileReference; fileEncoding = 4; lastKnownFileType = sourcecode.swift; path = VideoCapture.swift; sourceTree = "<group>"; };
		8A96639B2626586900C9E753 /* MainTabRouter.swift */ = {isa = PBXFileReference; lastKnownFileType = sourcecode.swift; path = MainTabRouter.swift; sourceTree = "<group>"; };
		8A9663A32626592900C9E753 /* MainTabViewController.swift */ = {isa = PBXFileReference; lastKnownFileType = sourcecode.swift; path = MainTabViewController.swift; sourceTree = "<group>"; };
		8A9663A826265C7100C9E753 /* ValificationRouter.swift */ = {isa = PBXFileReference; lastKnownFileType = sourcecode.swift; name = ValificationRouter.swift; path = testCoreML/UI/MainTabView/ValificationRouter.swift; sourceTree = SOURCE_ROOT; };
		8A9663AD26265C7E00C9E753 /* ValificationViewController.swift */ = {isa = PBXFileReference; lastKnownFileType = sourcecode.swift; name = ValificationViewController.swift; path = testCoreML/UI/MainTabView/ValificationViewController.swift; sourceTree = SOURCE_ROOT; };
		8AB25DB925D8FB2700994202 /* GraphView.swift */ = {isa = PBXFileReference; lastKnownFileType = sourcecode.swift; path = GraphView.swift; sourceTree = "<group>"; };
		8B0A4DC3E76DB8AE596FF939 /* Pods-testCoreML.release.xcconfig */ = {isa = PBXFileReference; includeInIndex = 1; lastKnownFileType = text.xcconfig; name = "Pods-testCoreML.release.xcconfig"; path = "Target Support Files/Pods-testCoreML/Pods-testCoreML.release.xcconfig"; sourceTree = "<group>"; };
		D2414F4091606D343E62CB36 /* Pods-testCoreML-testCoreMLUITests.debug.xcconfig */ = {isa = PBXFileReference; includeInIndex = 1; lastKnownFileType = text.xcconfig; name = "Pods-testCoreML-testCoreMLUITests.debug.xcconfig"; path = "Target Support Files/Pods-testCoreML-testCoreMLUITests/Pods-testCoreML-testCoreMLUITests.debug.xcconfig"; sourceTree = "<group>"; };
		D3AF6A556724EE24F7EAE3F9 /* Pods-testCoreMLTests.debug.xcconfig */ = {isa = PBXFileReference; includeInIndex = 1; lastKnownFileType = text.xcconfig; name = "Pods-testCoreMLTests.debug.xcconfig"; path = "Target Support Files/Pods-testCoreMLTests/Pods-testCoreMLTests.debug.xcconfig"; sourceTree = "<group>"; };
		F81F9EB73E691ECAE1966388 /* Pods-testCoreML-testCoreMLUITests.release.xcconfig */ = {isa = PBXFileReference; includeInIndex = 1; lastKnownFileType = text.xcconfig; name = "Pods-testCoreML-testCoreMLUITests.release.xcconfig"; path = "Target Support Files/Pods-testCoreML-testCoreMLUITests/Pods-testCoreML-testCoreMLUITests.release.xcconfig"; sourceTree = "<group>"; };
/* End PBXFileReference section */

/* Begin PBXFrameworksBuildPhase section */
		8A6AFF9225733AA8009923B3 /* Frameworks */ = {
			isa = PBXFrameworksBuildPhase;
			buildActionMask = 2147483647;
			files = (
				A3F70B31534AC4F783DCA36B /* Pods_testCoreML.framework in Frameworks */,
			);
			runOnlyForDeploymentPostprocessing = 0;
		};
		8A6AFFA825733AA9009923B3 /* Frameworks */ = {
			isa = PBXFrameworksBuildPhase;
			buildActionMask = 2147483647;
			files = (
				6D6572814D6E48DB0F35CE37 /* Pods_testCoreMLTests.framework in Frameworks */,
			);
			runOnlyForDeploymentPostprocessing = 0;
		};
		8A6AFFB325733AA9009923B3 /* Frameworks */ = {
			isa = PBXFrameworksBuildPhase;
			buildActionMask = 2147483647;
			files = (
				656CF304331965E12D662CD2 /* Pods_testCoreML_testCoreMLUITests.framework in Frameworks */,
			);
			runOnlyForDeploymentPostprocessing = 0;
		};
/* End PBXFrameworksBuildPhase section */

/* Begin PBXGroup section */
		6440C015D49346336CF0E0C0 /* Pods */ = {
			isa = PBXGroup;
			children = (
				2E3D0ED67327F238394F1156 /* Pods-testCoreML.debug.xcconfig */,
				8B0A4DC3E76DB8AE596FF939 /* Pods-testCoreML.release.xcconfig */,
				D2414F4091606D343E62CB36 /* Pods-testCoreML-testCoreMLUITests.debug.xcconfig */,
				F81F9EB73E691ECAE1966388 /* Pods-testCoreML-testCoreMLUITests.release.xcconfig */,
				D3AF6A556724EE24F7EAE3F9 /* Pods-testCoreMLTests.debug.xcconfig */,
				142380A0AE8C83AEE6EFB1A6 /* Pods-testCoreMLTests.release.xcconfig */,
			);
			path = Pods;
			sourceTree = "<group>";
		};
		8A6AFF8C25733AA8009923B3 = {
			isa = PBXGroup;
			children = (
				8A6A001225737208009923B3 /* LaunchScreen.storyboard */,
				8A6AFF9725733AA8009923B3 /* testCoreML */,
				8A6AFFAE25733AA9009923B3 /* testCoreMLTests */,
				8A6AFFB925733AAA009923B3 /* testCoreMLUITests */,
				8A6AFF9625733AA8009923B3 /* Products */,
				6440C015D49346336CF0E0C0 /* Pods */,
				D6B7E0AA2C53B86D8287AF06 /* Frameworks */,
			);
			sourceTree = "<group>";
		};
		8A6AFF9625733AA8009923B3 /* Products */ = {
			isa = PBXGroup;
			children = (
				8A6AFF9525733AA8009923B3 /* testCoreML.app */,
				8A6AFFAB25733AA9009923B3 /* testCoreMLTests.xctest */,
				8A6AFFB625733AAA009923B3 /* testCoreMLUITests.xctest */,
			);
			name = Products;
			sourceTree = "<group>";
		};
		8A6AFF9725733AA8009923B3 /* testCoreML */ = {
			isa = PBXGroup;
			children = (
				8A6AFFE125736E9D009923B3 /* Pose */,
				8A6AFFE825736E9D009923B3 /* UI */,
				8A6AFFEE25736E9D009923B3 /* Utils */,
				8A6AFFD925736E93009923B3 /* Extensions+Types */,
				8A6AFFD225736CA6009923B3 /* PoseNet.swift */,
				8A6AFFD025736CA6009923B3 /* PoseNetInput.swift */,
				8A6AFFD125736CA6009923B3 /* PoseNetOutput.swift */,
				8A6AFFCB25733F5F009923B3 /* PoseNetMobileNet075S16FP16.mlmodel */,
				8A6AFF9825733AA8009923B3 /* AppDelegate.swift */,
				8A6AFF9A25733AA8009923B3 /* SceneDelegate.swift */,
				8A6AFFA625733AA9009923B3 /* Info.plist */,
			);
			path = testCoreML;
			sourceTree = "<group>";
		};
		8A6AFFAE25733AA9009923B3 /* testCoreMLTests */ = {
			isa = PBXGroup;
			children = (
				8A6AFFAF25733AA9009923B3 /* testCoreMLTests.swift */,
				8A6AFFB125733AA9009923B3 /* Info.plist */,
			);
			path = testCoreMLTests;
			sourceTree = "<group>";
		};
		8A6AFFB925733AAA009923B3 /* testCoreMLUITests */ = {
			isa = PBXGroup;
			children = (
				8A6AFFBA25733AAA009923B3 /* testCoreMLUITests.swift */,
				8A6AFFBC25733AAA009923B3 /* Info.plist */,
			);
			path = testCoreMLUITests;
			sourceTree = "<group>";
		};
		8A6AFFD925736E93009923B3 /* Extensions+Types */ = {
			isa = PBXGroup;
			children = (
				8A6AFFDA25736E93009923B3 /* CGPoint+Extension.swift */,
				8A6AFFDB25736E93009923B3 /* CGImage+Extension.swift */,
			);
			path = "Extensions+Types";
			sourceTree = "<group>";
		};
		8A6AFFE125736E9D009923B3 /* Pose */ = {
			isa = PBXGroup;
			children = (
				8A6AFFE225736E9D009923B3 /* Joint.swift */,
				8A6AFFE325736E9D009923B3 /* PoseBuilder+Multiple.swift */,
				8A6AFFE425736E9D009923B3 /* PoseBuilder+Single.swift */,
				8A6AFFE525736E9D009923B3 /* Pose.swift */,
				8A6AFFE625736E9D009923B3 /* PoseBuilder.swift */,
				8A6AFFE725736E9D009923B3 /* PoseBuilderConfiguration.swift */,
			);
			path = Pose;
			sourceTree = "<group>";
		};
		8A6AFFE825736E9D009923B3 /* UI */ = {
			isa = PBXGroup;
			children = (
				8A9663962625DDD000C9E753 /* MainTabView */,
				8AB25DB825D8FAD500994202 /* Group */,
				8A6AFFE925736E9D009923B3 /* ViewController.swift */,
				8A6AFFEA25736E9D009923B3 /* PoseImageView.swift */,
				8A6AFFEC25736E9D009923B3 /* PopOverModalViewController.swift */,
				8A6AFFED25736E9D009923B3 /* GradientOverlayView.swift */,
			);
			path = UI;
			sourceTree = "<group>";
		};
		8A6AFFEE25736E9D009923B3 /* Utils */ = {
			isa = PBXGroup;
			children = (
				8A6AFFEF25736E9D009923B3 /* AVCaptureVideoOrientation+Extension.swift */,
				8A6AFFF025736E9D009923B3 /* VideoCapture.swift */,
			);
			path = Utils;
			sourceTree = "<group>";
		};
		8A9663962625DDD000C9E753 /* MainTabView */ = {
			isa = PBXGroup;
			children = (
				8A9663972625DDE000C9E753 /* VarificationView */,
				8A96639B2626586900C9E753 /* MainTabRouter.swift */,
				8A9663A32626592900C9E753 /* MainTabViewController.swift */,
			);
			path = MainTabView;
			sourceTree = "<group>";
		};
		8A9663972625DDE000C9E753 /* VarificationView */ = {
			isa = PBXGroup;
			children = (
				8A9663A826265C7100C9E753 /* ValificationRouter.swift */,
				8A9663AD26265C7E00C9E753 /* ValificationViewController.swift */,
			);
			path = VarificationView;
			sourceTree = "<group>";
		};
		8AB25DB825D8FAD500994202 /* Group */ = {
			isa = PBXGroup;
			children = (
				8AB25DB925D8FB2700994202 /* GraphView.swift */,
			);
			path = Group;
			sourceTree = "<group>";
		};
		D6B7E0AA2C53B86D8287AF06 /* Frameworks */ = {
			isa = PBXGroup;
			children = (
				25A0034AF4EE5B37DBC00A3D /* Pods_testCoreML.framework */,
				6C61E2D892E0F6063AF2A873 /* Pods_testCoreML_testCoreMLUITests.framework */,
				6E46234A6A293AA0A55E3CA1 /* Pods_testCoreMLTests.framework */,
			);
			name = Frameworks;
			sourceTree = "<group>";
		};
/* End PBXGroup section */

/* Begin PBXNativeTarget section */
		8A6AFF9425733AA8009923B3 /* testCoreML */ = {
			isa = PBXNativeTarget;
			buildConfigurationList = 8A6AFFBF25733AAA009923B3 /* Build configuration list for PBXNativeTarget "testCoreML" */;
			buildPhases = (
				C1A8FE13C992EA5136FC3687 /* [CP] Check Pods Manifest.lock */,
				8A6AFF9125733AA8009923B3 /* Sources */,
				8A6AFF9225733AA8009923B3 /* Frameworks */,
				8A6AFF9325733AA8009923B3 /* Resources */,
				2B7D602F1E81886B248BDE1B /* [CP] Embed Pods Frameworks */,
			);
			buildRules = (
			);
			dependencies = (
			);
			name = testCoreML;
			productName = testCoreML;
			productReference = 8A6AFF9525733AA8009923B3 /* testCoreML.app */;
			productType = "com.apple.product-type.application";
		};
		8A6AFFAA25733AA9009923B3 /* testCoreMLTests */ = {
			isa = PBXNativeTarget;
			buildConfigurationList = 8A6AFFC225733AAA009923B3 /* Build configuration list for PBXNativeTarget "testCoreMLTests" */;
			buildPhases = (
				2D056FE284B90BF80984730B /* [CP] Check Pods Manifest.lock */,
				8A6AFFA725733AA9009923B3 /* Sources */,
				8A6AFFA825733AA9009923B3 /* Frameworks */,
				8A6AFFA925733AA9009923B3 /* Resources */,
			);
			buildRules = (
			);
			dependencies = (
				8A6AFFAD25733AA9009923B3 /* PBXTargetDependency */,
			);
			name = testCoreMLTests;
			productName = testCoreMLTests;
			productReference = 8A6AFFAB25733AA9009923B3 /* testCoreMLTests.xctest */;
			productType = "com.apple.product-type.bundle.unit-test";
		};
		8A6AFFB525733AA9009923B3 /* testCoreMLUITests */ = {
			isa = PBXNativeTarget;
			buildConfigurationList = 8A6AFFC525733AAA009923B3 /* Build configuration list for PBXNativeTarget "testCoreMLUITests" */;
			buildPhases = (
				B5DF253BA56699FDA17A6238 /* [CP] Check Pods Manifest.lock */,
				8A6AFFB225733AA9009923B3 /* Sources */,
				8A6AFFB325733AA9009923B3 /* Frameworks */,
				8A6AFFB425733AA9009923B3 /* Resources */,
				83B5C986DBE733921D530754 /* [CP] Embed Pods Frameworks */,
			);
			buildRules = (
			);
			dependencies = (
				8A6AFFB825733AAA009923B3 /* PBXTargetDependency */,
			);
			name = testCoreMLUITests;
			productName = testCoreMLUITests;
			productReference = 8A6AFFB625733AAA009923B3 /* testCoreMLUITests.xctest */;
			productType = "com.apple.product-type.bundle.ui-testing";
		};
/* End PBXNativeTarget section */

/* Begin PBXProject section */
		8A6AFF8D25733AA8009923B3 /* Project object */ = {
			isa = PBXProject;
			attributes = {
				LastSwiftUpdateCheck = 1220;
				LastUpgradeCheck = 1220;
				TargetAttributes = {
					8A6AFF9425733AA8009923B3 = {
						CreatedOnToolsVersion = 12.2;
					};
					8A6AFFAA25733AA9009923B3 = {
						CreatedOnToolsVersion = 12.2;
						TestTargetID = 8A6AFF9425733AA8009923B3;
					};
					8A6AFFB525733AA9009923B3 = {
						CreatedOnToolsVersion = 12.2;
						TestTargetID = 8A6AFF9425733AA8009923B3;
					};
				};
			};
			buildConfigurationList = 8A6AFF9025733AA8009923B3 /* Build configuration list for PBXProject "testCoreML" */;
			compatibilityVersion = "Xcode 9.3";
			developmentRegion = en;
			hasScannedForEncodings = 0;
			knownRegions = (
				en,
				Base,
			);
			mainGroup = 8A6AFF8C25733AA8009923B3;
			productRefGroup = 8A6AFF9625733AA8009923B3 /* Products */;
			projectDirPath = "";
			projectRoot = "";
			targets = (
				8A6AFF9425733AA8009923B3 /* testCoreML */,
				8A6AFFAA25733AA9009923B3 /* testCoreMLTests */,
				8A6AFFB525733AA9009923B3 /* testCoreMLUITests */,
			);
		};
/* End PBXProject section */

/* Begin PBXResourcesBuildPhase section */
		8A6AFF9325733AA8009923B3 /* Resources */ = {
			isa = PBXResourcesBuildPhase;
			buildActionMask = 2147483647;
			files = (
				8A6A001425737208009923B3 /* LaunchScreen.storyboard in Resources */,
			);
			runOnlyForDeploymentPostprocessing = 0;
		};
		8A6AFFA925733AA9009923B3 /* Resources */ = {
			isa = PBXResourcesBuildPhase;
			buildActionMask = 2147483647;
			files = (
			);
			runOnlyForDeploymentPostprocessing = 0;
		};
		8A6AFFB425733AA9009923B3 /* Resources */ = {
			isa = PBXResourcesBuildPhase;
			buildActionMask = 2147483647;
			files = (
			);
			runOnlyForDeploymentPostprocessing = 0;
		};
/* End PBXResourcesBuildPhase section */

/* Begin PBXShellScriptBuildPhase section */
		2B7D602F1E81886B248BDE1B /* [CP] Embed Pods Frameworks */ = {
			isa = PBXShellScriptBuildPhase;
			buildActionMask = 2147483647;
			files = (
			);
			inputFileListPaths = (
				"${PODS_ROOT}/Target Support Files/Pods-testCoreML/Pods-testCoreML-frameworks-${CONFIGURATION}-input-files.xcfilelist",
			);
			name = "[CP] Embed Pods Frameworks";
			outputFileListPaths = (
				"${PODS_ROOT}/Target Support Files/Pods-testCoreML/Pods-testCoreML-frameworks-${CONFIGURATION}-output-files.xcfilelist",
			);
			runOnlyForDeploymentPostprocessing = 0;
			shellPath = /bin/sh;
			shellScript = "\"${PODS_ROOT}/Target Support Files/Pods-testCoreML/Pods-testCoreML-frameworks.sh\"\n";
			showEnvVarsInLog = 0;
		};
		2D056FE284B90BF80984730B /* [CP] Check Pods Manifest.lock */ = {
			isa = PBXShellScriptBuildPhase;
			buildActionMask = 2147483647;
			files = (
			);
			inputFileListPaths = (
			);
			inputPaths = (
				"${PODS_PODFILE_DIR_PATH}/Podfile.lock",
				"${PODS_ROOT}/Manifest.lock",
			);
			name = "[CP] Check Pods Manifest.lock";
			outputFileListPaths = (
			);
			outputPaths = (
				"$(DERIVED_FILE_DIR)/Pods-testCoreMLTests-checkManifestLockResult.txt",
			);
			runOnlyForDeploymentPostprocessing = 0;
			shellPath = /bin/sh;
			shellScript = "diff \"${PODS_PODFILE_DIR_PATH}/Podfile.lock\" \"${PODS_ROOT}/Manifest.lock\" > /dev/null\nif [ $? != 0 ] ; then\n    # print error to STDERR\n    echo \"error: The sandbox is not in sync with the Podfile.lock. Run 'pod install' or update your CocoaPods installation.\" >&2\n    exit 1\nfi\n# This output is used by Xcode 'outputs' to avoid re-running this script phase.\necho \"SUCCESS\" > \"${SCRIPT_OUTPUT_FILE_0}\"\n";
			showEnvVarsInLog = 0;
		};
		83B5C986DBE733921D530754 /* [CP] Embed Pods Frameworks */ = {
			isa = PBXShellScriptBuildPhase;
			buildActionMask = 2147483647;
			files = (
			);
			inputFileListPaths = (
				"${PODS_ROOT}/Target Support Files/Pods-testCoreML-testCoreMLUITests/Pods-testCoreML-testCoreMLUITests-frameworks-${CONFIGURATION}-input-files.xcfilelist",
			);
			name = "[CP] Embed Pods Frameworks";
			outputFileListPaths = (
				"${PODS_ROOT}/Target Support Files/Pods-testCoreML-testCoreMLUITests/Pods-testCoreML-testCoreMLUITests-frameworks-${CONFIGURATION}-output-files.xcfilelist",
			);
			runOnlyForDeploymentPostprocessing = 0;
			shellPath = /bin/sh;
			shellScript = "\"${PODS_ROOT}/Target Support Files/Pods-testCoreML-testCoreMLUITests/Pods-testCoreML-testCoreMLUITests-frameworks.sh\"\n";
			showEnvVarsInLog = 0;
		};
		B5DF253BA56699FDA17A6238 /* [CP] Check Pods Manifest.lock */ = {
			isa = PBXShellScriptBuildPhase;
			buildActionMask = 2147483647;
			files = (
			);
			inputFileListPaths = (
			);
			inputPaths = (
				"${PODS_PODFILE_DIR_PATH}/Podfile.lock",
				"${PODS_ROOT}/Manifest.lock",
			);
			name = "[CP] Check Pods Manifest.lock";
			outputFileListPaths = (
			);
			outputPaths = (
				"$(DERIVED_FILE_DIR)/Pods-testCoreML-testCoreMLUITests-checkManifestLockResult.txt",
			);
			runOnlyForDeploymentPostprocessing = 0;
			shellPath = /bin/sh;
			shellScript = "diff \"${PODS_PODFILE_DIR_PATH}/Podfile.lock\" \"${PODS_ROOT}/Manifest.lock\" > /dev/null\nif [ $? != 0 ] ; then\n    # print error to STDERR\n    echo \"error: The sandbox is not in sync with the Podfile.lock. Run 'pod install' or update your CocoaPods installation.\" >&2\n    exit 1\nfi\n# This output is used by Xcode 'outputs' to avoid re-running this script phase.\necho \"SUCCESS\" > \"${SCRIPT_OUTPUT_FILE_0}\"\n";
			showEnvVarsInLog = 0;
		};
		C1A8FE13C992EA5136FC3687 /* [CP] Check Pods Manifest.lock */ = {
			isa = PBXShellScriptBuildPhase;
			buildActionMask = 2147483647;
			files = (
			);
			inputFileListPaths = (
			);
			inputPaths = (
				"${PODS_PODFILE_DIR_PATH}/Podfile.lock",
				"${PODS_ROOT}/Manifest.lock",
			);
			name = "[CP] Check Pods Manifest.lock";
			outputFileListPaths = (
			);
			outputPaths = (
				"$(DERIVED_FILE_DIR)/Pods-testCoreML-checkManifestLockResult.txt",
			);
			runOnlyForDeploymentPostprocessing = 0;
			shellPath = /bin/sh;
			shellScript = "diff \"${PODS_PODFILE_DIR_PATH}/Podfile.lock\" \"${PODS_ROOT}/Manifest.lock\" > /dev/null\nif [ $? != 0 ] ; then\n    # print error to STDERR\n    echo \"error: The sandbox is not in sync with the Podfile.lock. Run 'pod install' or update your CocoaPods installation.\" >&2\n    exit 1\nfi\n# This output is used by Xcode 'outputs' to avoid re-running this script phase.\necho \"SUCCESS\" > \"${SCRIPT_OUTPUT_FILE_0}\"\n";
			showEnvVarsInLog = 0;
		};
/* End PBXShellScriptBuildPhase section */

/* Begin PBXSourcesBuildPhase section */
		8A6AFF9125733AA8009923B3 /* Sources */ = {
			isa = PBXSourcesBuildPhase;
			buildActionMask = 2147483647;
			files = (
				8A6AFFF625736E9D009923B3 /* PoseBuilderConfiguration.swift in Sources */,
				8A6AFFF225736E9D009923B3 /* PoseBuilder+Multiple.swift in Sources */,
				8A6AFFFA25736E9D009923B3 /* PopOverModalViewController.swift in Sources */,
				8AB25DBA25D8FB2700994202 /* GraphView.swift in Sources */,
				8A6AFFD525736CA6009923B3 /* PoseNet.swift in Sources */,
				8A6AFF9925733AA8009923B3 /* AppDelegate.swift in Sources */,
				8A9663A926265C7100C9E753 /* ValificationRouter.swift in Sources */,
				8A6AFFD325736CA6009923B3 /* PoseNetInput.swift in Sources */,
				8A6AFFCC25733F5F009923B3 /* PoseNetMobileNet075S16FP16.mlmodel in Sources */,
				8A6AFFF825736E9D009923B3 /* PoseImageView.swift in Sources */,
				8A6AFFF325736E9D009923B3 /* PoseBuilder+Single.swift in Sources */,
				8A9663AE26265C7E00C9E753 /* ValificationViewController.swift in Sources */,
				8A6AFFDD25736E93009923B3 /* CGImage+Extension.swift in Sources */,
				8A6AFFF125736E9D009923B3 /* Joint.swift in Sources */,
				8A6AFFF425736E9D009923B3 /* Pose.swift in Sources */,
				8A6AFFF525736E9D009923B3 /* PoseBuilder.swift in Sources */,
				8A6AFFFB25736E9D009923B3 /* GradientOverlayView.swift in Sources */,
				8A96639C2626586900C9E753 /* MainTabRouter.swift in Sources */,
				8A9663A42626592900C9E753 /* MainTabViewController.swift in Sources */,
				8A6AFFFD25736E9D009923B3 /* VideoCapture.swift in Sources */,
				8A6AFF9B25733AA8009923B3 /* SceneDelegate.swift in Sources */,
				8A6AFFDC25736E93009923B3 /* CGPoint+Extension.swift in Sources */,
				8A6AFFF725736E9D009923B3 /* ViewController.swift in Sources */,
				8A6AFFD425736CA6009923B3 /* PoseNetOutput.swift in Sources */,
				8A6AFFFC25736E9D009923B3 /* AVCaptureVideoOrientation+Extension.swift in Sources */,
			);
			runOnlyForDeploymentPostprocessing = 0;
		};
		8A6AFFA725733AA9009923B3 /* Sources */ = {
			isa = PBXSourcesBuildPhase;
			buildActionMask = 2147483647;
			files = (
				8A6AFFB025733AA9009923B3 /* testCoreMLTests.swift in Sources */,
			);
			runOnlyForDeploymentPostprocessing = 0;
		};
		8A6AFFB225733AA9009923B3 /* Sources */ = {
			isa = PBXSourcesBuildPhase;
			buildActionMask = 2147483647;
			files = (
				8A6AFFBB25733AAA009923B3 /* testCoreMLUITests.swift in Sources */,
			);
			runOnlyForDeploymentPostprocessing = 0;
		};
/* End PBXSourcesBuildPhase section */

/* Begin PBXTargetDependency section */
		8A6AFFAD25733AA9009923B3 /* PBXTargetDependency */ = {
			isa = PBXTargetDependency;
			target = 8A6AFF9425733AA8009923B3 /* testCoreML */;
			targetProxy = 8A6AFFAC25733AA9009923B3 /* PBXContainerItemProxy */;
		};
		8A6AFFB825733AAA009923B3 /* PBXTargetDependency */ = {
			isa = PBXTargetDependency;
			target = 8A6AFF9425733AA8009923B3 /* testCoreML */;
			targetProxy = 8A6AFFB725733AAA009923B3 /* PBXContainerItemProxy */;
		};
/* End PBXTargetDependency section */

/* Begin XCBuildConfiguration section */
		8A6AFFBD25733AAA009923B3 /* Debug */ = {
			isa = XCBuildConfiguration;
			buildSettings = {
				ALWAYS_SEARCH_USER_PATHS = NO;
				CLANG_ANALYZER_NONNULL = YES;
				CLANG_ANALYZER_NUMBER_OBJECT_CONVERSION = YES_AGGRESSIVE;
				CLANG_CXX_LANGUAGE_STANDARD = "gnu++14";
				CLANG_CXX_LIBRARY = "libc++";
				CLANG_ENABLE_MODULES = YES;
				CLANG_ENABLE_OBJC_ARC = YES;
				CLANG_ENABLE_OBJC_WEAK = YES;
				CLANG_WARN_BLOCK_CAPTURE_AUTORELEASING = YES;
				CLANG_WARN_BOOL_CONVERSION = YES;
				CLANG_WARN_COMMA = YES;
				CLANG_WARN_CONSTANT_CONVERSION = YES;
				CLANG_WARN_DEPRECATED_OBJC_IMPLEMENTATIONS = YES;
				CLANG_WARN_DIRECT_OBJC_ISA_USAGE = YES_ERROR;
				CLANG_WARN_DOCUMENTATION_COMMENTS = YES;
				CLANG_WARN_EMPTY_BODY = YES;
				CLANG_WARN_ENUM_CONVERSION = YES;
				CLANG_WARN_INFINITE_RECURSION = YES;
				CLANG_WARN_INT_CONVERSION = YES;
				CLANG_WARN_NON_LITERAL_NULL_CONVERSION = YES;
				CLANG_WARN_OBJC_IMPLICIT_RETAIN_SELF = YES;
				CLANG_WARN_OBJC_LITERAL_CONVERSION = YES;
				CLANG_WARN_OBJC_ROOT_CLASS = YES_ERROR;
				CLANG_WARN_QUOTED_INCLUDE_IN_FRAMEWORK_HEADER = YES;
				CLANG_WARN_RANGE_LOOP_ANALYSIS = YES;
				CLANG_WARN_STRICT_PROTOTYPES = YES;
				CLANG_WARN_SUSPICIOUS_MOVE = YES;
				CLANG_WARN_UNGUARDED_AVAILABILITY = YES_AGGRESSIVE;
				CLANG_WARN_UNREACHABLE_CODE = YES;
				CLANG_WARN__DUPLICATE_METHOD_MATCH = YES;
				COPY_PHASE_STRIP = NO;
				DEBUG_INFORMATION_FORMAT = dwarf;
				ENABLE_STRICT_OBJC_MSGSEND = YES;
				ENABLE_TESTABILITY = YES;
				GCC_C_LANGUAGE_STANDARD = gnu11;
				GCC_DYNAMIC_NO_PIC = NO;
				GCC_NO_COMMON_BLOCKS = YES;
				GCC_OPTIMIZATION_LEVEL = 0;
				GCC_PREPROCESSOR_DEFINITIONS = (
					"DEBUG=1",
					"$(inherited)",
				);
				GCC_WARN_64_TO_32_BIT_CONVERSION = YES;
				GCC_WARN_ABOUT_RETURN_TYPE = YES_ERROR;
				GCC_WARN_UNDECLARED_SELECTOR = YES;
				GCC_WARN_UNINITIALIZED_AUTOS = YES_AGGRESSIVE;
				GCC_WARN_UNUSED_FUNCTION = YES;
				GCC_WARN_UNUSED_VARIABLE = YES;
				IPHONEOS_DEPLOYMENT_TARGET = 14.1;
				MTL_ENABLE_DEBUG_INFO = INCLUDE_SOURCE;
				MTL_FAST_MATH = YES;
				ONLY_ACTIVE_ARCH = YES;
				SDKROOT = iphoneos;
				SWIFT_ACTIVE_COMPILATION_CONDITIONS = DEBUG;
				SWIFT_OPTIMIZATION_LEVEL = "-Onone";
			};
			name = Debug;
		};
		8A6AFFBE25733AAA009923B3 /* Release */ = {
			isa = XCBuildConfiguration;
			buildSettings = {
				ALWAYS_SEARCH_USER_PATHS = NO;
				CLANG_ANALYZER_NONNULL = YES;
				CLANG_ANALYZER_NUMBER_OBJECT_CONVERSION = YES_AGGRESSIVE;
				CLANG_CXX_LANGUAGE_STANDARD = "gnu++14";
				CLANG_CXX_LIBRARY = "libc++";
				CLANG_ENABLE_MODULES = YES;
				CLANG_ENABLE_OBJC_ARC = YES;
				CLANG_ENABLE_OBJC_WEAK = YES;
				CLANG_WARN_BLOCK_CAPTURE_AUTORELEASING = YES;
				CLANG_WARN_BOOL_CONVERSION = YES;
				CLANG_WARN_COMMA = YES;
				CLANG_WARN_CONSTANT_CONVERSION = YES;
				CLANG_WARN_DEPRECATED_OBJC_IMPLEMENTATIONS = YES;
				CLANG_WARN_DIRECT_OBJC_ISA_USAGE = YES_ERROR;
				CLANG_WARN_DOCUMENTATION_COMMENTS = YES;
				CLANG_WARN_EMPTY_BODY = YES;
				CLANG_WARN_ENUM_CONVERSION = YES;
				CLANG_WARN_INFINITE_RECURSION = YES;
				CLANG_WARN_INT_CONVERSION = YES;
				CLANG_WARN_NON_LITERAL_NULL_CONVERSION = YES;
				CLANG_WARN_OBJC_IMPLICIT_RETAIN_SELF = YES;
				CLANG_WARN_OBJC_LITERAL_CONVERSION = YES;
				CLANG_WARN_OBJC_ROOT_CLASS = YES_ERROR;
				CLANG_WARN_QUOTED_INCLUDE_IN_FRAMEWORK_HEADER = YES;
				CLANG_WARN_RANGE_LOOP_ANALYSIS = YES;
				CLANG_WARN_STRICT_PROTOTYPES = YES;
				CLANG_WARN_SUSPICIOUS_MOVE = YES;
				CLANG_WARN_UNGUARDED_AVAILABILITY = YES_AGGRESSIVE;
				CLANG_WARN_UNREACHABLE_CODE = YES;
				CLANG_WARN__DUPLICATE_METHOD_MATCH = YES;
				COPY_PHASE_STRIP = NO;
				DEBUG_INFORMATION_FORMAT = "dwarf-with-dsym";
				ENABLE_NS_ASSERTIONS = NO;
				ENABLE_STRICT_OBJC_MSGSEND = YES;
				GCC_C_LANGUAGE_STANDARD = gnu11;
				GCC_NO_COMMON_BLOCKS = YES;
				GCC_WARN_64_TO_32_BIT_CONVERSION = YES;
				GCC_WARN_ABOUT_RETURN_TYPE = YES_ERROR;
				GCC_WARN_UNDECLARED_SELECTOR = YES;
				GCC_WARN_UNINITIALIZED_AUTOS = YES_AGGRESSIVE;
				GCC_WARN_UNUSED_FUNCTION = YES;
				GCC_WARN_UNUSED_VARIABLE = YES;
				IPHONEOS_DEPLOYMENT_TARGET = 14.1;
				MTL_ENABLE_DEBUG_INFO = NO;
				MTL_FAST_MATH = YES;
				SDKROOT = iphoneos;
				SWIFT_COMPILATION_MODE = wholemodule;
				SWIFT_OPTIMIZATION_LEVEL = "-O";
				VALIDATE_PRODUCT = YES;
			};
			name = Release;
		};
		8A6AFFC025733AAA009923B3 /* Debug */ = {
			isa = XCBuildConfiguration;
			baseConfigurationReference = 2E3D0ED67327F238394F1156 /* Pods-testCoreML.debug.xcconfig */;
			buildSettings = {
				ASSETCATALOG_COMPILER_APPICON_NAME = AppIcon;
				ASSETCATALOG_COMPILER_GLOBAL_ACCENT_COLOR_NAME = AccentColor;
				CODE_SIGN_STYLE = Automatic;
				DEVELOPMENT_TEAM = Q6K4R57QK3;
				INFOPLIST_FILE = testCoreML/Info.plist;
				LD_RUNPATH_SEARCH_PATHS = (
					"$(inherited)",
					"@executable_path/Frameworks",
				);
				PRODUCT_BUNDLE_IDENTIFIER = "com.k-ikeda.testCoreML";
				PRODUCT_NAME = "$(TARGET_NAME)";
				SWIFT_VERSION = 5.0;
				TARGETED_DEVICE_FAMILY = "1,2";
			};
			name = Debug;
		};
		8A6AFFC125733AAA009923B3 /* Release */ = {
			isa = XCBuildConfiguration;
			baseConfigurationReference = 8B0A4DC3E76DB8AE596FF939 /* Pods-testCoreML.release.xcconfig */;
			buildSettings = {
				ASSETCATALOG_COMPILER_APPICON_NAME = AppIcon;
				ASSETCATALOG_COMPILER_GLOBAL_ACCENT_COLOR_NAME = AccentColor;
				CODE_SIGN_STYLE = Automatic;
				DEVELOPMENT_TEAM = Q6K4R57QK3;
				INFOPLIST_FILE = testCoreML/Info.plist;
				LD_RUNPATH_SEARCH_PATHS = (
					"$(inherited)",
					"@executable_path/Frameworks",
				);
				PRODUCT_BUNDLE_IDENTIFIER = "com.k-ikeda.testCoreML";
				PRODUCT_NAME = "$(TARGET_NAME)";
				SWIFT_VERSION = 5.0;
				TARGETED_DEVICE_FAMILY = "1,2";
			};
			name = Release;
		};
		8A6AFFC325733AAA009923B3 /* Debug */ = {
			isa = XCBuildConfiguration;
			baseConfigurationReference = D3AF6A556724EE24F7EAE3F9 /* Pods-testCoreMLTests.debug.xcconfig */;
			buildSettings = {
				ALWAYS_EMBED_SWIFT_STANDARD_LIBRARIES = YES;
				BUNDLE_LOADER = "$(TEST_HOST)";
				CODE_SIGN_STYLE = Automatic;
				DEVELOPMENT_TEAM = Q6K4R57QK3;
				INFOPLIST_FILE = testCoreMLTests/Info.plist;
				IPHONEOS_DEPLOYMENT_TARGET = 14.2;
				LD_RUNPATH_SEARCH_PATHS = (
					"$(inherited)",
					"@executable_path/Frameworks",
					"@loader_path/Frameworks",
				);
				PRODUCT_BUNDLE_IDENTIFIER = "com.k-ikeda.testCoreMLTests";
				PRODUCT_NAME = "$(TARGET_NAME)";
				SWIFT_VERSION = 5.0;
				TARGETED_DEVICE_FAMILY = "1,2";
				TEST_HOST = "$(BUILT_PRODUCTS_DIR)/testCoreML.app/testCoreML";
			};
			name = Debug;
		};
		8A6AFFC425733AAA009923B3 /* Release */ = {
			isa = XCBuildConfiguration;
			baseConfigurationReference = 142380A0AE8C83AEE6EFB1A6 /* Pods-testCoreMLTests.release.xcconfig */;
			buildSettings = {
				ALWAYS_EMBED_SWIFT_STANDARD_LIBRARIES = YES;
				BUNDLE_LOADER = "$(TEST_HOST)";
				CODE_SIGN_STYLE = Automatic;
				DEVELOPMENT_TEAM = Q6K4R57QK3;
				INFOPLIST_FILE = testCoreMLTests/Info.plist;
				IPHONEOS_DEPLOYMENT_TARGET = 14.2;
				LD_RUNPATH_SEARCH_PATHS = (
					"$(inherited)",
					"@executable_path/Frameworks",
					"@loader_path/Frameworks",
				);
				PRODUCT_BUNDLE_IDENTIFIER = "com.k-ikeda.testCoreMLTests";
				PRODUCT_NAME = "$(TARGET_NAME)";
				SWIFT_VERSION = 5.0;
				TARGETED_DEVICE_FAMILY = "1,2";
				TEST_HOST = "$(BUILT_PRODUCTS_DIR)/testCoreML.app/testCoreML";
			};
			name = Release;
		};
		8A6AFFC625733AAA009923B3 /* Debug */ = {
			isa = XCBuildConfiguration;
			baseConfigurationReference = D2414F4091606D343E62CB36 /* Pods-testCoreML-testCoreMLUITests.debug.xcconfig */;
			buildSettings = {
				ALWAYS_EMBED_SWIFT_STANDARD_LIBRARIES = YES;
				CODE_SIGN_STYLE = Automatic;
				DEVELOPMENT_TEAM = Q6K4R57QK3;
				INFOPLIST_FILE = testCoreMLUITests/Info.plist;
				LD_RUNPATH_SEARCH_PATHS = (
					"$(inherited)",
					"@executable_path/Frameworks",
					"@loader_path/Frameworks",
				);
				PRODUCT_BUNDLE_IDENTIFIER = "com.k-ikeda.testCoreMLUITests";
				PRODUCT_NAME = "$(TARGET_NAME)";
				SWIFT_VERSION = 5.0;
				TARGETED_DEVICE_FAMILY = "1,2";
				TEST_TARGET_NAME = testCoreML;
			};
			name = Debug;
		};
		8A6AFFC725733AAA009923B3 /* Release */ = {
			isa = XCBuildConfiguration;
			baseConfigurationReference = F81F9EB73E691ECAE1966388 /* Pods-testCoreML-testCoreMLUITests.release.xcconfig */;
			buildSettings = {
				ALWAYS_EMBED_SWIFT_STANDARD_LIBRARIES = YES;
				CODE_SIGN_STYLE = Automatic;
				DEVELOPMENT_TEAM = Q6K4R57QK3;
				INFOPLIST_FILE = testCoreMLUITests/Info.plist;
				LD_RUNPATH_SEARCH_PATHS = (
					"$(inherited)",
					"@executable_path/Frameworks",
					"@loader_path/Frameworks",
				);
				PRODUCT_BUNDLE_IDENTIFIER = "com.k-ikeda.testCoreMLUITests";
				PRODUCT_NAME = "$(TARGET_NAME)";
				SWIFT_VERSION = 5.0;
				TARGETED_DEVICE_FAMILY = "1,2";
				TEST_TARGET_NAME = testCoreML;
			};
			name = Release;
		};
/* End XCBuildConfiguration section */

/* Begin XCConfigurationList section */
		8A6AFF9025733AA8009923B3 /* Build configuration list for PBXProject "testCoreML" */ = {
			isa = XCConfigurationList;
			buildConfigurations = (
				8A6AFFBD25733AAA009923B3 /* Debug */,
				8A6AFFBE25733AAA009923B3 /* Release */,
			);
			defaultConfigurationIsVisible = 0;
			defaultConfigurationName = Release;
		};
		8A6AFFBF25733AAA009923B3 /* Build configuration list for PBXNativeTarget "testCoreML" */ = {
			isa = XCConfigurationList;
			buildConfigurations = (
				8A6AFFC025733AAA009923B3 /* Debug */,
				8A6AFFC125733AAA009923B3 /* Release */,
			);
			defaultConfigurationIsVisible = 0;
			defaultConfigurationName = Release;
		};
		8A6AFFC225733AAA009923B3 /* Build configuration list for PBXNativeTarget "testCoreMLTests" */ = {
			isa = XCConfigurationList;
			buildConfigurations = (
				8A6AFFC325733AAA009923B3 /* Debug */,
				8A6AFFC425733AAA009923B3 /* Release */,
			);
			defaultConfigurationIsVisible = 0;
			defaultConfigurationName = Release;
		};
		8A6AFFC525733AAA009923B3 /* Build configuration list for PBXNativeTarget "testCoreMLUITests" */ = {
			isa = XCConfigurationList;
			buildConfigurations = (
				8A6AFFC625733AAA009923B3 /* Debug */,
				8A6AFFC725733AAA009923B3 /* Release */,
			);
			defaultConfigurationIsVisible = 0;
			defaultConfigurationName = Release;
		};
/* End XCConfigurationList section */
	};
	rootObject = 8A6AFF8D25733AA8009923B3 /* Project object */;
}
